
Microsoft Visual Studio Solution File, Format Version 12.00
# Visual Studio Express 2012 for Web
Project("{FAE04EC0-301F-11D3-BF4B-00C04F79EFBC}") = "Enigma", "ClassLibrary1\Enigma.csproj", "{3E78CA18-6972-41F9-BA8E-A184C69D049E}"
EndProject
Project("{FAE04EC0-301F-11D3-BF4B-00C04F79EFBC}") = "EnigmaTest", "UnitTestProject1\EnigmaTest.csproj", "{2439B402-3E3E-4708-9EE1-3585D68ED0FE}"
EndProject
Project("{FAE04EC0-301F-11D3-BF4B-00C04F79EFBC}") = "MvcApplication1", "MvcApplication1\MvcApplication1.csproj", "{D91AD11D-1488-4CD6-B23F-85E29596C723}"
EndProject
Project("{FAE04EC0-301F-11D3-BF4B-00C04F79EFBC}") = "MvcApplication1.Tests", "MvcApplication1.Tests\MvcApplication1.Tests.csproj", "{FD8946C2-2215-4CB1-8FBD-635D95B401A0}"
EndProject
Global
	GlobalSection(SolutionConfigurationPlatforms) = preSolution
		Debug|Any CPU = Debug|Any CPU
		Release|Any CPU = Release|Any CPU
	EndGlobalSection
	GlobalSection(ProjectConfigurationPlatforms) = postSolution
		{3E78CA18-6972-41F9-BA8E-A184C69D049E}.Debug|Any CPU.ActiveCfg = Debug|Any CPU
		{3E78CA18-6972-41F9-BA8E-A184C69D049E}.Debug|Any CPU.Build.0 = Debug|Any CPU
		{3E78CA18-6972-41F9-BA8E-A184C69D049E}.Release|Any CPU.ActiveCfg = Release|Any CPU
		{3E78CA18-6972-41F9-BA8E-A184C69D049E}.Release|Any CPU.Build.0 = Release|Any CPU
		{2439B402-3E3E-4708-9EE1-3585D68ED0FE}.Debug|Any CPU.ActiveCfg = Debug|Any CPU
		{2439B402-3E3E-4708-9EE1-3585D68ED0FE}.Debug|Any CPU.Build.0 = Debug|Any CPU
		{2439B402-3E3E-4708-9EE1-3585D68ED0FE}.Release|Any CPU.ActiveCfg = Release|Any CPU
		{2439B402-3E3E-4708-9EE1-3585D68ED0FE}.Release|Any CPU.Build.0 = Release|Any CPU
		{D91AD11D-1488-4CD6-B23F-85E29596C723}.Debug|Any CPU.ActiveCfg = Debug|Any CPU
		{D91AD11D-1488-4CD6-B23F-85E29596C723}.Debug|Any CPU.Build.0 = Debug|Any CPU
		{D91AD11D-1488-4CD6-B23F-85E29596C723}.Release|Any CPU.ActiveCfg = Release|Any CPU
		{D91AD11D-1488-4CD6-B23F-85E29596C723}.Release|Any CPU.Build.0 = Release|Any CPU
		{FD8946C2-2215-4CB1-8FBD-635D95B401A0}.Debug|Any CPU.ActiveCfg = Debug|Any CPU
		{FD8946C2-2215-4CB1-8FBD-635D95B401A0}.Debug|Any CPU.Build.0 = Debug|Any CPU
		{FD8946C2-2215-4CB1-8FBD-635D95B401A0}.Release|Any CPU.ActiveCfg = Release|Any CPU
		{FD8946C2-2215-4CB1-8FBD-635D95B401A0}.Release|Any CPU.Build.0 = Release|Any CPU
	EndGlobalSection
	GlobalSection(SolutionProperties) = preSolution
		HideSolutionNode = FALSE
	EndGlobalSection
EndGlobal
